
Microsoft Visual Studio Solution File, Format Version 12.00
# Visual Studio 15
VisualStudioVersion = 15.0.28307.1062
MinimumVisualStudioVersion = 10.0.40219.1
Project("{FAE04EC0-301F-11D3-BF4B-00C04F79EFBC}") = "HelloShell.Android", "HelloShell\HelloShell.Android\HelloShell.Android.csproj", "{1E9D9219-5297-497C-AA70-28CBF48E29C5}"
EndProject
Project("{FAE04EC0-301F-11D3-BF4B-00C04F79EFBC}") = "HelloShell", "HelloShell\HelloShell\HelloShell.csproj", "{83B1928C-9037-4EA1-9997-A08EE9DD608E}"
EndProject
Global
	GlobalSection(SolutionConfigurationPlatforms) = preSolution
		Debug|Any CPU = Debug|Any CPU
		Release|Any CPU = Release|Any CPU
	EndGlobalSection
	GlobalSection(ProjectConfigurationPlatforms) = postSolution
		{1E9D9219-5297-497C-AA70-28CBF48E29C5}.Debug|Any CPU.ActiveCfg = Debug|Any CPU
		{1E9D9219-5297-497C-AA70-28CBF48E29C5}.Debug|Any CPU.Build.0 = Debug|Any CPU
		{1E9D9219-5297-497C-AA70-28CBF48E29C5}.Debug|Any CPU.Deploy.0 = Debug|Any CPU
		{1E9D9219-5297-497C-AA70-28CBF48E29C5}.Release|Any CPU.ActiveCfg = Release|Any CPU
		{1E9D9219-5297-497C-AA70-28CBF48E29C5}.Release|Any CPU.Build.0 = Release|Any CPU
		{1E9D9219-5297-497C-AA70-28CBF48E29C5}.Release|Any CPU.Deploy.0 = Release|Any CPU
		{83B1928C-9037-4EA1-9997-A08EE9DD608E}.Debug|Any CPU.ActiveCfg = Debug|Any CPU
		{83B1928C-9037-4EA1-9997-A08EE9DD608E}.Debug|Any CPU.Build.0 = Debug|Any CPU
		{83B1928C-9037-4EA1-9997-A08EE9DD608E}.Debug|Any CPU.Deploy.0 = Debug|Any CPU
		{83B1928C-9037-4EA1-9997-A08EE9DD608E}.Release|Any CPU.ActiveCfg = Release|Any CPU
		{83B1928C-9037-4EA1-9997-A08EE9DD608E}.Release|Any CPU.Build.0 = Release|Any CPU
		{83B1928C-9037-4EA1-9997-A08EE9DD608E}.Release|Any CPU.Deploy.0 = Release|Any CPU
	EndGlobalSection
	GlobalSection(SolutionProperties) = preSolution
		HideSolutionNode = FALSE
	EndGlobalSection
	GlobalSection(ExtensibilityGlobals) = postSolution
		SolutionGuid = {A10CB725-3B8B-4D55-A330-9E4C5D664154}
	EndGlobalSection
EndGlobal
